
Microsoft Visual Studio Solution File, Format Version 12.00
# Visual Studio 15
VisualStudioVersion = 15.0.28010.2050
MinimumVisualStudioVersion = 10.0.40219.1
Project("{8BC9CEB8-8B4A-11D0-8D11-00A0C91BC942}") = "Xabnab level editor", "Xabnab level editor.vcxproj", "{6D807771-4295-44A3-B34F-C97E0E184429}"
EndProject
Global
	GlobalSection(SolutionConfigurationPlatforms) = preSolution
		Debug|x64 = Debug|x64
		Debug|x86 = Debug|x86
		Release|x64 = Release|x64
		Release|x86 = Release|x86
	EndGlobalSection
	GlobalSection(ProjectConfigurationPlatforms) = postSolution
		{6D807771-4295-44A3-B34F-C97E0E184429}.Debug|x64.ActiveCfg = Debug|x64
		{6D807771-4295-44A3-B34F-C97E0E184429}.Debug|x64.Build.0 = Debug|x64
		{6D807771-4295-44A3-B34F-C97E0E184429}.Debug|x86.ActiveCfg = Debug|Win32
		{6D807771-4295-44A3-B34F-C97E0E184429}.Debug|x86.Build.0 = Debug|Win32
		{6D807771-4295-44A3-B34F-C97E0E184429}.Release|x64.ActiveCfg = Release|x64
		{6D807771-4295-44A3-B34F-C97E0E184429}.Release|x64.Build.0 = Release|x64
		{6D807771-4295-44A3-B34F-C97E0E184429}.Release|x86.ActiveCfg = Release|Win32
		{6D807771-4295-44A3-B34F-C97E0E184429}.Release|x86.Build.0 = Release|Win32
	EndGlobalSection
	GlobalSection(SolutionProperties) = preSolution
		HideSolutionNode = FALSE
	EndGlobalSection
	GlobalSection(ExtensibilityGlobals) = postSolution
		SolutionGuid = {E136C282-343E-4B8C-81E8-D7A94EAFD277}
	EndGlobalSection
EndGlobal
